
Microsoft Visual Studio Solution File, Format Version 12.00
# Visual Studio Version 17
VisualStudioVersion = 17.8.34330.188
MinimumVisualStudioVersion = 10.0.40219.1
Project("{FAE04EC0-301F-11D3-BF4B-00C04F79EFBC}") = "GorselProgramlamaOdev", "GorselProgramlamaOdev.csproj", "{CC3EA814-D522-478B-8BB4-657CAFCA11AE}"
EndProject
Global
	GlobalSection(SolutionConfigurationPlatforms) = preSolution
		Debug|Any CPU = Debug|Any CPU
		Release|Any CPU = Release|Any CPU
	EndGlobalSection
	GlobalSection(ProjectConfigurationPlatforms) = postSolution
		{CC3EA814-D522-478B-8BB4-657CAFCA11AE}.Debug|Any CPU.ActiveCfg = Debug|Any CPU
		{CC3EA814-D522-478B-8BB4-657CAFCA11AE}.Debug|Any CPU.Build.0 = Debug|Any CPU
		{CC3EA814-D522-478B-8BB4-657CAFCA11AE}.Release|Any CPU.ActiveCfg = Release|Any CPU
		{CC3EA814-D522-478B-8BB4-657CAFCA11AE}.Release|Any CPU.Build.0 = Release|Any CPU
	EndGlobalSection
	GlobalSection(SolutionProperties) = preSolution
		HideSolutionNode = FALSE
	EndGlobalSection
	GlobalSection(ExtensibilityGlobals) = postSolution
		SolutionGuid = {03EAB4F0-D20F-45D5-A891-6CE350912DC2}
	EndGlobalSection
EndGlobal
